// !$*UTF8*$!
{
	archiveVersion = 1;
	classes = {
	};
	objectVersion = 46;
	objects = {

/* Begin PBXBuildFile section */
		CA4A5E12194552EC0003740A /* AppDelegate.swift in Sources */ = {isa = PBXBuildFile; fileRef = CA4A5E11194552EC0003740A /* AppDelegate.swift */; };
		CA4A5E14194552ED0003740A /* ViewController.swift in Sources */ = {isa = PBXBuildFile; fileRef = CA4A5E13194552ED0003740A /* ViewController.swift */; };
		CA4A5E19194552ED0003740A /* Images.xcassets in Resources */ = {isa = PBXBuildFile; fileRef = CA4A5E18194552ED0003740A /* Images.xcassets */; };
		CA4A5E25194552ED0003740A /* LoadingAnimationSwiftTests.swift in Sources */ = {isa = PBXBuildFile; fileRef = CA4A5E24194552ED0003740A /* LoadingAnimationSwiftTests.swift */; };
		CA5EB42219F5A370003F8398 /* LoadingView.swift in Sources */ = {isa = PBXBuildFile; fileRef = CA5EB42119F5A370003F8398 /* LoadingView.swift */; };
/* End PBXBuildFile section */

/* Begin PBXContainerItemProxy section */
		CA4A5E1F194552ED0003740A /* PBXContainerItemProxy */ = {
			isa = PBXContainerItemProxy;
			containerPortal = CA4A5E04194552EC0003740A /* Project object */;
			proxyType = 1;
			remoteGlobalIDString = CA4A5E0B194552EC0003740A;
			remoteInfo = LoadingAnimationSwift;
		};
/* End PBXContainerItemProxy section */

/* Begin PBXFileReference section */
		CA4A5E0C194552EC0003740A /* LoadingAnimationSwift.app */ = {isa = PBXFileReference; explicitFileType = wrapper.application; includeInIndex = 0; path = LoadingAnimationSwift.app; sourceTree = BUILT_PRODUCTS_DIR; };
		CA4A5E10194552EC0003740A /* Info.plist */ = {isa = PBXFileReference; lastKnownFileType = text.plist.xml; path = Info.plist; sourceTree = "<group>"; };
		CA4A5E11194552EC0003740A /* AppDelegate.swift */ = {isa = PBXFileReference; lastKnownFileType = sourcecode.swift; path = AppDelegate.swift; sourceTree = "<group>"; };
		CA4A5E13194552ED0003740A /* ViewController.swift */ = {isa = PBXFileReference; lastKnownFileType = sourcecode.swift; path = ViewController.swift; sourceTree = "<group>"; };
		CA4A5E18194552ED0003740A /* Images.xcassets */ = {isa = PBXFileReference; lastKnownFileType = folder.assetcatalog; path = Images.xcassets; sourceTree = "<group>"; };
		CA4A5E1E194552ED0003740A /* LoadingAnimationSwiftTests.xctest */ = {isa = PBXFileReference; explicitFileType = wrapper.cfbundle; includeInIndex = 0; path = LoadingAnimationSwiftTests.xctest; sourceTree = BUILT_PRODUCTS_DIR; };
		CA4A5E23194552ED0003740A /* Info.plist */ = {isa = PBXFileReference; lastKnownFileType = text.plist.xml; path = Info.plist; sourceTree = "<group>"; };
		CA4A5E24194552ED0003740A /* LoadingAnimationSwiftTests.swift */ = {isa = PBXFileReference; lastKnownFileType = sourcecode.swift; path = LoadingAnimationSwiftTests.swift; sourceTree = "<group>"; };
		CA5EB42119F5A370003F8398 /* LoadingView.swift */ = {isa = PBXFileReference; fileEncoding = 4; lastKnownFileType = sourcecode.swift; path = LoadingView.swift; sourceTree = "<group>"; };
/* End PBXFileReference section */

/* Begin PBXFrameworksBuildPhase section */
		CA4A5E09194552EC0003740A /* Frameworks */ = {
			isa = PBXFrameworksBuildPhase;
			buildActionMask = 2147483647;
			files = (
			);
			runOnlyForDeploymentPostprocessing = 0;
		};
		CA4A5E1B194552ED0003740A /* Frameworks */ = {
			isa = PBXFrameworksBuildPhase;
			buildActionMask = 2147483647;
			files = (
			);
			runOnlyForDeploymentPostprocessing = 0;
		};
/* End PBXFrameworksBuildPhase section */

/* Begin PBXGroup section */
		CA4A5E03194552EC0003740A = {
			isa = PBXGroup;
			children = (
				CA4A5E0E194552EC0003740A /* LoadingAnimationSwift */,
				CA4A5E21194552ED0003740A /* LoadingAnimationSwiftTests */,
				CA4A5E0D194552EC0003740A /* Products */,
			);
			sourceTree = "<group>";
		};
		CA4A5E0D194552EC0003740A /* Products */ = {
			isa = PBXGroup;
			children = (
				CA4A5E0C194552EC0003740A /* LoadingAnimationSwift.app */,
				CA4A5E1E194552ED0003740A /* LoadingAnimationSwiftTests.xctest */,
			);
			name = Products;
			sourceTree = "<group>";
		};
		CA4A5E0E194552EC0003740A /* LoadingAnimationSwift */ = {
			isa = PBXGroup;
			children = (
				CA4A5E11194552EC0003740A /* AppDelegate.swift */,
				CA4A5E13194552ED0003740A /* ViewController.swift */,
				CA5EB42119F5A370003F8398 /* LoadingView.swift */,
				CA4A5E18194552ED0003740A /* Images.xcassets */,
				CA4A5E0F194552EC0003740A /* Supporting Files */,
			);
			path = LoadingAnimationSwift;
			sourceTree = "<group>";
		};
		CA4A5E0F194552EC0003740A /* Supporting Files */ = {
			isa = PBXGroup;
			children = (
				CA4A5E10194552EC0003740A /* Info.plist */,
			);
			name = "Supporting Files";
			sourceTree = "<group>";
		};
		CA4A5E21194552ED0003740A /* LoadingAnimationSwiftTests */ = {
			isa = PBXGroup;
			children = (
				CA4A5E24194552ED0003740A /* LoadingAnimationSwiftTests.swift */,
				CA4A5E22194552ED0003740A /* Supporting Files */,
			);
			path = LoadingAnimationSwiftTests;
			sourceTree = "<group>";
		};
		CA4A5E22194552ED0003740A /* Supporting Files */ = {
			isa = PBXGroup;
			children = (
				CA4A5E23194552ED0003740A /* Info.plist */,
			);
			name = "Supporting Files";
			sourceTree = "<group>";
		};
/* End PBXGroup section */

/* Begin PBXNativeTarget section */
		CA4A5E0B194552EC0003740A /* LoadingAnimationSwift */ = {
			isa = PBXNativeTarget;
			buildConfigurationList = CA4A5E28194552ED0003740A /* Build configuration list for PBXNativeTarget "LoadingAnimationSwift" */;
			buildPhases = (
				CA4A5E08194552EC0003740A /* Sources */,
				CA4A5E09194552EC0003740A /* Frameworks */,
				CA4A5E0A194552EC0003740A /* Resources */,
			);
			buildRules = (
			);
			dependencies = (
			);
			name = LoadingAnimationSwift;
			productName = LoadingAnimationSwift;
			productReference = CA4A5E0C194552EC0003740A /* LoadingAnimationSwift.app */;
			productType = "com.apple.product-type.application";
		};
		CA4A5E1D194552ED0003740A /* LoadingAnimationSwiftTests */ = {
			isa = PBXNativeTarget;
			buildConfigurationList = CA4A5E2B194552ED0003740A /* Build configuration list for PBXNativeTarget "LoadingAnimationSwiftTests" */;
			buildPhases = (
				CA4A5E1A194552ED0003740A /* Sources */,
				CA4A5E1B194552ED0003740A /* Frameworks */,
				CA4A5E1C194552ED0003740A /* Resources */,
			);
			buildRules = (
			);
			dependencies = (
				CA4A5E20194552ED0003740A /* PBXTargetDependency */,
			);
			name = LoadingAnimationSwiftTests;
			productName = LoadingAnimationSwiftTests;
			productReference = CA4A5E1E194552ED0003740A /* LoadingAnimationSwiftTests.xctest */;
			productType = "com.apple.product-type.bundle.unit-test";
		};
/* End PBXNativeTarget section */

/* Begin PBXProject section */
		CA4A5E04194552EC0003740A /* Project object */ = {
			isa = PBXProject;
			attributes = {
				LastUpgradeCheck = 0600;
				ORGANIZATIONNAME = esgie;
				TargetAttributes = {
					CA4A5E0B194552EC0003740A = {
						CreatedOnToolsVersion = 6.0;
					};
					CA4A5E1D194552ED0003740A = {
						CreatedOnToolsVersion = 6.0;
						TestTargetID = CA4A5E0B194552EC0003740A;
					};
				};
			};
			buildConfigurationList = CA4A5E07194552EC0003740A /* Build configuration list for PBXProject "LoadingAnimationSwift" */;
			compatibilityVersion = "Xcode 3.2";
			developmentRegion = English;
			hasScannedForEncodings = 0;
			knownRegions = (
				en,
				Base,
			);
			mainGroup = CA4A5E03194552EC0003740A;
			productRefGroup = CA4A5E0D194552EC0003740A /* Products */;
			projectDirPath = "";
			projectRoot = "";
			targets = (
				CA4A5E0B194552EC0003740A /* LoadingAnimationSwift */,
				CA4A5E1D194552ED0003740A /* LoadingAnimationSwiftTests */,
			);
		};
/* End PBXProject section */

/* Begin PBXResourcesBuildPhase section */
		CA4A5E0A194552EC0003740A /* Resources */ = {
			isa = PBXResourcesBuildPhase;
			buildActionMask = 2147483647;
			files = (
				CA4A5E19194552ED0003740A /* Images.xcassets in Resources */,
			);
			runOnlyForDeploymentPostprocessing = 0;
		};
		CA4A5E1C194552ED0003740A /* Resources */ = {
			isa = PBXResourcesBuildPhase;
			buildActionMask = 2147483647;
			files = (
			);
			runOnlyForDeploymentPostprocessing = 0;
		};
/* End PBXResourcesBuildPhase section */

/* Begin PBXSourcesBuildPhase section */
		CA4A5E08194552EC0003740A /* Sources */ = {
			isa = PBXSourcesBuildPhase;
			buildActionMask = 2147483647;
			files = (
				CA4A5E14194552ED0003740A /* ViewController.swift in Sources */,
				CA4A5E12194552EC0003740A /* AppDelegate.swift in Sources */,
				CA5EB42219F5A370003F8398 /* LoadingView.swift in Sources */,
			);
			runOnlyForDeploymentPostprocessing = 0;
		};
		CA4A5E1A194552ED0003740A /* Sources */ = {
			isa = PBXSourcesBuildPhase;
			buildActionMask = 2147483647;
			files = (
				CA4A5E25194552ED0003740A /* LoadingAnimationSwiftTests.swift in Sources */,
			);
			runOnlyForDeploymentPostprocessing = 0;
		};
/* End PBXSourcesBuildPhase section */

/* Begin PBXTargetDependency section */
		CA4A5E20194552ED0003740A /* PBXTargetDependency */ = {
			isa = PBXTargetDependency;
			target = CA4A5E0B194552EC0003740A /* LoadingAnimationSwift */;
			targetProxy = CA4A5E1F194552ED0003740A /* PBXContainerItemProxy */;
		};
/* End PBXTargetDependency section */

/* Begin XCBuildConfiguration section */
		CA4A5E26194552ED0003740A /* Debug */ = {
			isa = XCBuildConfiguration;
			buildSettings = {
				ALWAYS_SEARCH_USER_PATHS = NO;
				CLANG_CXX_LANGUAGE_STANDARD = "gnu++0x";
				CLANG_CXX_LIBRARY = "libc++";
				CLANG_ENABLE_MODULES = YES;
				CLANG_ENABLE_OBJC_ARC = YES;
				CLANG_WARN_BOOL_CONVERSION = YES;
				CLANG_WARN_CONSTANT_CONVERSION = YES;
				CLANG_WARN_DIRECT_OBJC_ISA_USAGE = YES_ERROR;
				CLANG_WARN_EMPTY_BODY = YES;
				CLANG_WARN_ENUM_CONVERSION = YES;
				CLANG_WARN_INT_CONVERSION = YES;
				CLANG_WARN_OBJC_ROOT_CLASS = YES_ERROR;
				CLANG_WARN_UNREACHABLE_CODE = YES;
				CLANG_WARN__DUPLICATE_METHOD_MATCH = YES;
				"CODE_SIGN_IDENTITY[sdk=iphoneos*]" = "iPhone Developer";
				COPY_PHASE_STRIP = NO;
				ENABLE_STRICT_OBJC_MSGSEND = YES;
				GCC_C_LANGUAGE_STANDARD = gnu99;
				GCC_DYNAMIC_NO_PIC = NO;
				GCC_OPTIMIZATION_LEVEL = 0;
				GCC_PREPROCESSOR_DEFINITIONS = (
					"DEBUG=1",
					"$(inherited)",
				);
				GCC_SYMBOLS_PRIVATE_EXTERN = NO;
				GCC_WARN_64_TO_32_BIT_CONVERSION = YES;
				GCC_WARN_ABOUT_RETURN_TYPE = YES_ERROR;
				GCC_WARN_UNDECLARED_SELECTOR = YES;
				GCC_WARN_UNINITIALIZED_AUTOS = YES_AGGRESSIVE;
				GCC_WARN_UNUSED_FUNCTION = YES;
				GCC_WARN_UNUSED_VARIABLE = YES;
				IPHONEOS_DEPLOYMENT_TARGET = 8.0;
				METAL_ENABLE_DEBUG_INFO = YES;
				ONLY_ACTIVE_ARCH = YES;
				SDKROOT = iphoneos;
				SWIFT_OPTIMIZATION_LEVEL = "-Onone";
				TARGETED_DEVICE_FAMILY = 2;
			};
			name = Debug;
		};
		CA4A5E27194552ED0003740A /* Release */ = {
			isa = XCBuildConfiguration;
			buildSettings = {
				ALWAYS_SEARCH_USER_PATHS = NO;
				CLANG_CXX_LANGUAGE_STANDARD = "gnu++0x";
				CLANG_CXX_LIBRARY = "libc++";
				CLANG_ENABLE_MODULES = YES;
				CLANG_ENABLE_OBJC_ARC = YES;
				CLANG_WARN_BOOL_CONVERSION = YES;
				CLANG_WARN_CONSTANT_CONVERSION = YES;
				CLANG_WARN_DIRECT_OBJC_ISA_USAGE = YES_ERROR;
				CLANG_WARN_EMPTY_BODY = YES;
				CLANG_WARN_ENUM_CONVERSION = YES;
				CLANG_WARN_INT_CONVERSION = YES;
				CLANG_WARN_OBJC_ROOT_CLASS = YES_ERROR;
				CLANG_WARN_UNREACHABLE_CODE = YES;
				CLANG_WARN__DUPLICATE_METHOD_MATCH = YES;
				"CODE_SIGN_IDENTITY[sdk=iphoneos*]" = "iPhone Developer";
				COPY_PHASE_STRIP = YES;
				ENABLE_NS_ASSERTIONS = NO;
				ENABLE_STRICT_OBJC_MSGSEND = YES;
				GCC_C_LANGUAGE_STANDARD = gnu99;
				GCC_WARN_64_TO_32_BIT_CONVERSION = YES;
				GCC_WARN_ABOUT_RETURN_TYPE = YES_ERROR;
				GCC_WARN_UNDECLARED_SELECTOR = YES;
				GCC_WARN_UNINITIALIZED_AUTOS = YES_AGGRESSIVE;
				GCC_WARN_UNUSED_FUNCTION = YES;
				GCC_WARN_UNUSED_VARIABLE = YES;
				IPHONEOS_DEPLOYMENT_TARGET = 8.0;
				METAL_ENABLE_DEBUG_INFO = NO;
				SDKROOT = iphoneos;
				TARGETED_DEVICE_FAMILY = 2;
				VALIDATE_PRODUCT = YES;
			};
			name = Release;
		};
		CA4A5E29194552ED0003740A /* Debug */ = {
			isa = XCBuildConfiguration;
			buildSettings = {
				ASSETCATALOG_COMPILER_APPICON_NAME = AppIcon;
				ASSETCATALOG_COMPILER_LAUNCHIMAGE_NAME = LaunchImage;
				INFOPLIST_FILE = LoadingAnimationSwift/Info.plist;
				LD_RUNPATH_SEARCH_PATHS = "$(inherited) @executable_path/Frameworks";
				PRODUCT_NAME = "$(TARGET_NAME)";
				TARGETED_DEVICE_FAMILY = "1,2";
			};
			name = Debug;
		};
		CA4A5E2A194552ED0003740A /* Release */ = {
			isa = XCBuildConfiguration;
			buildSettings = {
				ASSETCATALOG_COMPILER_APPICON_NAME = AppIcon;
				ASSETCATALOG_COMPILER_LAUNCHIMAGE_NAME = LaunchImage;
				INFOPLIST_FILE = LoadingAnimationSwift/Info.plist;
				LD_RUNPATH_SEARCH_PATHS = "$(inherited) @executable_path/Frameworks";
				PRODUCT_NAME = "$(TARGET_NAME)";
				TARGETED_DEVICE_FAMILY = "1,2";
			};
			name = Release;
		};
		CA4A5E2C194552ED0003740A /* Debug */ = {
			isa = XCBuildConfiguration;
			buildSettings = {
				BUNDLE_LOADER = "$(BUILT_PRODUCTS_DIR)/LoadingAnimationSwift.app/LoadingAnimationSwift";
				FRAMEWORK_SEARCH_PATHS = (
					"$(SDKROOT)/Developer/Library/Frameworks",
					"$(inherited)",
				);
				GCC_PREPROCESSOR_DEFINITIONS = (
					"DEBUG=1",
					"$(inherited)",
				);
				INFOPLIST_FILE = LoadingAnimationSwiftTests/Info.plist;
				LD_RUNPATH_SEARCH_PATHS = "$(inherited) @executable_path/Frameworks @loader_path/Frameworks";
				METAL_ENABLE_DEBUG_INFO = YES;
				PRODUCT_NAME = "$(TARGET_NAME)";
				TEST_HOST = "$(BUNDLE_LOADER)";
			};
			name = Debug;
		};
		CA4A5E2D194552ED0003740A /* Release */ = {
			isa = XCBuildConfiguration;
			buildSettings = {
				BUNDLE_LOADER = "$(BUILT_PRODUCTS_DIR)/LoadingAnimationSwift.app/LoadingAnimationSwift";
				FRAMEWORK_SEARCH_PATHS = (
					"$(SDKROOT)/Developer/Library/Frameworks",
					"$(inherited)",
				);
				INFOPLIST_FILE = LoadingAnimationSwiftTests/Info.plist;
				LD_RUNPATH_SEARCH_PATHS = "$(inherited) @executable_path/Frameworks @loader_path/Frameworks";
				METAL_ENABLE_DEBUG_INFO = NO;
				PRODUCT_NAME = "$(TARGET_NAME)";
				TEST_HOST = "$(BUNDLE_LOADER)";
			};
			name = Release;
		};
/* End XCBuildConfiguration section */

/* Begin XCConfigurationList section */
		CA4A5E07194552EC0003740A /* Build configuration list for PBXProject "LoadingAnimationSwift" */ = {
			isa = XCConfigurationList;
			buildConfigurations = (
				CA4A5E26194552ED0003740A /* Debug */,
				CA4A5E27194552ED0003740A /* Release */,
			);
			defaultConfigurationIsVisible = 0;
			defaultConfigurationName = Release;
		};
		CA4A5E28194552ED0003740A /* Build configuration list for PBXNativeTarget "LoadingAnimationSwift" */ = {
			isa = XCConfigurationList;
			buildConfigurations = (
				CA4A5E29194552ED0003740A /* Debug */,
				CA4A5E2A194552ED0003740A /* Release */,
			);
			defaultConfigurationIsVisible = 0;
			defaultConfigurationName = Release;
		};
		CA4A5E2B194552ED0003740A /* Build configuration list for PBXNativeTarget "LoadingAnimationSwiftTests" */ = {
			isa = XCConfigurationList;
			buildConfigurations = (
				CA4A5E2C194552ED0003740A /* Debug */,
				CA4A5E2D194552ED0003740A /* Release */,
			);
			defaultConfigurationIsVisible = 0;
			defaultConfigurationName = Release;
		};
/* End XCConfigurationList section */
	};
	rootObject = CA4A5E04194552EC0003740A /* Project object */;
}
